github.com/StratoAPI/Interface v0.0.5 h1:pgQcXVIOAzC6HtZnVk67FCIBVNG7mgDwX3T2ZPlIhzQ=
github.com/StratoAPI/Interface v0.0.5/go.mod h1:jLlD9bBfAuFE0VN6FkrvX3cMhuDnbikzonCMprOLsyw=
github.com/StratoAPI/Interface v0.0.6 h1:yZ3mzdy0zLDZKnXdpoD0jaJmBGaBOtT1nRedujW4O0s=
github.com/StratoAPI/Interface v0.0.6/go.mod h1:jLlD9bBfAuFE0VN6FkrvX3cMhuDnbikzonCMprOLsyw=
github.com/davecgh/go-spew v1.1.1 h1:vj9j/u1bqnvCEfJOwUhtlOARqs3+rkHYY13jYWTU97c=
github.com/davecgh/go-spew v1.1.1/go.mod h1:J7Y8YcW2NihsgmVo/mv3lAwl/skON4iLHjSsI+c5H38=
github.com/pmezard/go-difflib v1.0.0 h1:4DBwDE0NGyQoBHbLQYPwSUPoCMWR5BEzIk/f1lZbAQM=
github.com/pmezard/go-difflib v1.0.0/go.mod h1:iKH77koFhYxTK1pcRnkKkqfTogsbg7gZNVY4sRDYZ/4=
github.com/stretchr/testify v1.2.2 h1:bSDNvY7ZPG5RlJ8otE/7V6gMiyenm9RtJ7IUVIAoJ1w=
github.com/stretchr/testify v1.2.2/go.mod h1:a8OnRcib4nhh0OaRAV+Yts87kKdq0PP7pXfy6kDkUVs=
github.com/xeipuuv/gojsonpointer v0.0.0-20180127040702-4e3ac2762d5f h1:J9EGpcZtP0E/raorCMxlFGSTBrsSlaDGf3jU/qvAE2c=
github.com/xeipuuv/gojsonpointer v0.0.0-20180127040702-4e3ac2762d5f/go.mod h1:N2zxlSyiKSe5eX1tZViRH5QA0qijqEDrYZiPEAiq3wU=
github.com/xeipuuv/gojsonreference v0.0.0-20180127040603-bd5ef7bd5415 h1:EzJWgHovont7NscjpAxXsDA8S8BMYve8Y5+7cuRE7R0=
github.com/xeipuuv/gojsonreference v0.0.0-20180127040603-bd5ef7bd5415/go.mod h1:GwrjFmJcFw6At/Gs6z4yjiIwzuJ1/+UwLxMQDVQXShQ=
github.com/xeipuuv/gojsonschema v0.0.0-20180816142147-da425ebb7609 h1:BcMExZAULPkihVZ7UJXK7t8rwGqisXFw75tILnafhBY=
github.com/xeipuuv/gojsonschema v0.0.0-20180816142147-da425ebb7609/go.mod h1:5yf86TLmAcydyeJq5YvxkGPE2fm/u4myDekKRoLuqhs=
